// !$*UTF8*$!
{
	archiveVersion = 1;
	classes = {
	};
	objectVersion = 56;
	objects = {

/* Begin PBXBuildFile section */
		0D16F4902BFFB3AA00F62A5E /* TutorialWalking.mov in Resources */ = {isa = PBXBuildFile; fileRef = 0D16F48F2BFFB3AA00F62A5E /* TutorialWalking.mov */; };
		0D16F4942C002A2A00F62A5E /* StartViewModel.swift in Sources */ = {isa = PBXBuildFile; fileRef = 0D16F4932C002A2A00F62A5E /* StartViewModel.swift */; };
		0D16F4962C00355800F62A5E /* UserDefaultHandler.swift in Sources */ = {isa = PBXBuildFile; fileRef = 0D16F4952C00355800F62A5E /* UserDefaultHandler.swift */; };
		0D20F5CD2BFBE3F90043B80A /* GameView.swift in Sources */ = {isa = PBXBuildFile; fileRef = 0D20F5CC2BFBE3F90043B80A /* GameView.swift */; };
		0D20F5CF2BFBE5960043B80A /* GameScene.sks in Resources */ = {isa = PBXBuildFile; fileRef = 0D20F5CE2BFBE5960043B80A /* GameScene.sks */; };
		0D20F5D12BFBE9B40043B80A /* Cat.swift in Sources */ = {isa = PBXBuildFile; fileRef = 0D20F5D02BFBE9B40043B80A /* Cat.swift */; };
		0D5E8C1F2BFF97D600E56955 /* InvisibleBarrier.swift in Sources */ = {isa = PBXBuildFile; fileRef = 0D5E8C1E2BFF97D600E56955 /* InvisibleBarrier.swift */; };
		0D5E8C232BFFA47A00E56955 /* HelpView.swift in Sources */ = {isa = PBXBuildFile; fileRef = 0D5E8C222BFFA47A00E56955 /* HelpView.swift */; };
		0D5E8C252BFFAC7C00E56955 /* HelpText.swift in Sources */ = {isa = PBXBuildFile; fileRef = 0D5E8C242BFFAC7C00E56955 /* HelpText.swift */; };
		0DAC78A42BF5A84B0001468A /* AppDelegate.swift in Sources */ = {isa = PBXBuildFile; fileRef = 0DAC78A32BF5A84B0001468A /* AppDelegate.swift */; };
		0DAC78AA2BF5A84B0001468A /* GameScene.swift in Sources */ = {isa = PBXBuildFile; fileRef = 0DAC78A92BF5A84B0001468A /* GameScene.swift */; };
		0DAC78AC2BF5A84B0001468A /* GameViewController.swift in Sources */ = {isa = PBXBuildFile; fileRef = 0DAC78AB2BF5A84B0001468A /* GameViewController.swift */; };
		0DAC78AF2BF5A84B0001468A /* Main.storyboard in Resources */ = {isa = PBXBuildFile; fileRef = 0DAC78AD2BF5A84B0001468A /* Main.storyboard */; };
		0DAC78B12BF5A84C0001468A /* Assets.xcassets in Resources */ = {isa = PBXBuildFile; fileRef = 0DAC78B02BF5A84C0001468A /* Assets.xcassets */; };
		0DAC78B42BF5A84C0001468A /* LaunchScreen.storyboard in Resources */ = {isa = PBXBuildFile; fileRef = 0DAC78B22BF5A84C0001468A /* LaunchScreen.storyboard */; };
		0DAC78BE2BF5A84C0001468A /* EgrangGoTests.swift in Sources */ = {isa = PBXBuildFile; fileRef = 0DAC78BD2BF5A84C0001468A /* EgrangGoTests.swift */; };
		0DAC78C82BF5A84C0001468A /* EgrangGoUITests.swift in Sources */ = {isa = PBXBuildFile; fileRef = 0DAC78C72BF5A84C0001468A /* EgrangGoUITests.swift */; };
		0DAC78CA2BF5A84C0001468A /* EgrangGoUITestsLaunchTests.swift in Sources */ = {isa = PBXBuildFile; fileRef = 0DAC78C92BF5A84C0001468A /* EgrangGoUITestsLaunchTests.swift */; };
		0DAC79112BF7BA170001468A /* LeafBlowParticle.sks in Resources */ = {isa = PBXBuildFile; fileRef = 0DAC79102BF7BA170001468A /* LeafBlowParticle.sks */; };
		0DAC79132BF867960001468A /* Player.swift in Sources */ = {isa = PBXBuildFile; fileRef = 0DAC79122BF867960001468A /* Player.swift */; };
		0DAC79172BF867EC0001468A /* Collision.swift in Sources */ = {isa = PBXBuildFile; fileRef = 0DAC79162BF867EC0001468A /* Collision.swift */; };
		0DAC79242BF88EC20001468A /* Stone.wav in Resources */ = {isa = PBXBuildFile; fileRef = 0DAC791A2BF88EC00001468A /* Stone.wav */; };
		0DAC79252BF88EC20001468A /* Water.wav in Resources */ = {isa = PBXBuildFile; fileRef = 0DAC791B2BF88EC00001468A /* Water.wav */; };
		0DAC79262BF88EC20001468A /* Step2.wav in Resources */ = {isa = PBXBuildFile; fileRef = 0DAC791C2BF88EC00001468A /* Step2.wav */; };
		0DAC79272BF88EC20001468A /* Mud2.wav in Resources */ = {isa = PBXBuildFile; fileRef = 0DAC791D2BF88EC00001468A /* Mud2.wav */; };
		0DAC79282BF88EC20001468A /* Wind.wav in Resources */ = {isa = PBXBuildFile; fileRef = 0DAC791E2BF88EC10001468A /* Wind.wav */; };
		0DAC79292BF88EC20001468A /* Mud1.wav in Resources */ = {isa = PBXBuildFile; fileRef = 0DAC791F2BF88EC10001468A /* Mud1.wav */; };
		0DAC792A2BF88EC20001468A /* Backsound.wav in Resources */ = {isa = PBXBuildFile; fileRef = 0DAC79202BF88EC10001468A /* Backsound.wav */; };
		0DAC792B2BF88EC20001468A /* Step1.wav in Resources */ = {isa = PBXBuildFile; fileRef = 0DAC79212BF88EC20001468A /* Step1.wav */; };
		0DAC792C2BF88EC20001468A /* Result.wav in Resources */ = {isa = PBXBuildFile; fileRef = 0DAC79222BF88EC20001468A /* Result.wav */; };
		0DAC792D2BF88EC20001468A /* Tree.wav in Resources */ = {isa = PBXBuildFile; fileRef = 0DAC79232BF88EC20001468A /* Tree.wav */; };
		0DAC792F2BF88F110001468A /* ReourceHandler.swift in Sources */ = {isa = PBXBuildFile; fileRef = 0DAC792E2BF88F110001468A /* ReourceHandler.swift */; };
		0DAC79332BFA56BF0001468A /* TLAnalogJoystick.swift in Sources */ = {isa = PBXBuildFile; fileRef = 0DAC79322BFA56BF0001468A /* TLAnalogJoystick.swift */; };
		0DAC79352BFAECAD0001468A /* Ground.swift in Sources */ = {isa = PBXBuildFile; fileRef = 0DAC79342BFAECAD0001468A /* Ground.swift */; };
		0DAC79392BFAFABA0001468A /* Stone.swift in Sources */ = {isa = PBXBuildFile; fileRef = 0DAC79382BFAFABA0001468A /* Stone.swift */; };
		0DAC793B2BFAFB0E0001468A /* Constant.swift in Sources */ = {isa = PBXBuildFile; fileRef = 0DAC793A2BFAFB0E0001468A /* Constant.swift */; };
		0DBD8F692BFC60C1006FE4B6 /* ResultView.swift in Sources */ = {isa = PBXBuildFile; fileRef = 0DBD8F682BFC60C1006FE4B6 /* ResultView.swift */; };
		0DBD8F6B2BFC7E0A006FE4B6 /* StartView.swift in Sources */ = {isa = PBXBuildFile; fileRef = 0DBD8F6A2BFC7E0A006FE4B6 /* StartView.swift */; };
		0DBD8F6D2BFC826D006FE4B6 /* BackgroundView.swift in Sources */ = {isa = PBXBuildFile; fileRef = 0DBD8F6C2BFC826D006FE4B6 /* BackgroundView.swift */; };
		0DBD8F712BFC9280006FE4B6 /* Protocol.swift in Sources */ = {isa = PBXBuildFile; fileRef = 0DBD8F702BFC9280006FE4B6 /* Protocol.swift */; };
		0DBD8F732BFCDA87006FE4B6 /* AudioPlayer.swift in Sources */ = {isa = PBXBuildFile; fileRef = 0DBD8F722BFCDA87006FE4B6 /* AudioPlayer.swift */; };
		0DBD8F772BFCEC39006FE4B6 /* Fall.wav in Resources */ = {isa = PBXBuildFile; fileRef = 0DBD8F742BFCEC39006FE4B6 /* Fall.wav */; };
		0DBD8F782BFCEC39006FE4B6 /* Countdown.wav in Resources */ = {isa = PBXBuildFile; fileRef = 0DBD8F752BFCEC39006FE4B6 /* Countdown.wav */; };
		0DBD8F792BFCEC39006FE4B6 /* TimeUp.wav in Resources */ = {isa = PBXBuildFile; fileRef = 0DBD8F762BFCEC39006FE4B6 /* TimeUp.wav */; };
		0DBD8F7C2BFDD862006FE4B6 /* GameViewModel.swift in Sources */ = {isa = PBXBuildFile; fileRef = 0DBD8F7B2BFDD862006FE4B6 /* GameViewModel.swift */; };
		0DBD8F7F2BFDD8DF006FE4B6 /* Tree.swift in Sources */ = {isa = PBXBuildFile; fileRef = 0DBD8F7E2BFDD8DF006FE4B6 /* Tree.swift */; };
/* End PBXBuildFile section */

/* Begin PBXContainerItemProxy section */
		0DAC78BA2BF5A84C0001468A /* PBXContainerItemProxy */ = {
			isa = PBXContainerItemProxy;
			containerPortal = 0DAC78982BF5A84B0001468A /* Project object */;
			proxyType = 1;
			remoteGlobalIDString = 0DAC789F2BF5A84B0001468A;
			remoteInfo = EgrangGo;
		};
		0DAC78C42BF5A84C0001468A /* PBXContainerItemProxy */ = {
			isa = PBXContainerItemProxy;
			containerPortal = 0DAC78982BF5A84B0001468A /* Project object */;
			proxyType = 1;
			remoteGlobalIDString = 0DAC789F2BF5A84B0001468A;
			remoteInfo = EgrangGo;
		};
/* End PBXContainerItemProxy section */

/* Begin PBXFileReference section */
		0D16F48F2BFFB3AA00F62A5E /* TutorialWalking.mov */ = {isa = PBXFileReference; lastKnownFileType = video.quicktime; path = TutorialWalking.mov; sourceTree = "<group>"; };
		0D16F4932C002A2A00F62A5E /* StartViewModel.swift */ = {isa = PBXFileReference; lastKnownFileType = sourcecode.swift; path = StartViewModel.swift; sourceTree = "<group>"; };
		0D16F4952C00355800F62A5E /* UserDefaultHandler.swift */ = {isa = PBXFileReference; lastKnownFileType = sourcecode.swift; path = UserDefaultHandler.swift; sourceTree = "<group>"; };
		0D20F5CC2BFBE3F90043B80A /* GameView.swift */ = {isa = PBXFileReference; lastKnownFileType = sourcecode.swift; path = GameView.swift; sourceTree = "<group>"; };
		0D20F5CE2BFBE5960043B80A /* GameScene.sks */ = {isa = PBXFileReference; lastKnownFileType = file.sks; path = GameScene.sks; sourceTree = "<group>"; };
		0D20F5D02BFBE9B40043B80A /* Cat.swift */ = {isa = PBXFileReference; lastKnownFileType = sourcecode.swift; path = Cat.swift; sourceTree = "<group>"; };
		0D5E8C1E2BFF97D600E56955 /* InvisibleBarrier.swift */ = {isa = PBXFileReference; lastKnownFileType = sourcecode.swift; path = InvisibleBarrier.swift; sourceTree = "<group>"; };
		0D5E8C222BFFA47A00E56955 /* HelpView.swift */ = {isa = PBXFileReference; lastKnownFileType = sourcecode.swift; path = HelpView.swift; sourceTree = "<group>"; };
		0D5E8C242BFFAC7C00E56955 /* HelpText.swift */ = {isa = PBXFileReference; lastKnownFileType = sourcecode.swift; path = HelpText.swift; sourceTree = "<group>"; };
		0DAC78A02BF5A84B0001468A /* EgrangGo.app */ = {isa = PBXFileReference; explicitFileType = wrapper.application; includeInIndex = 0; path = EgrangGo.app; sourceTree = BUILT_PRODUCTS_DIR; };
		0DAC78A32BF5A84B0001468A /* AppDelegate.swift */ = {isa = PBXFileReference; lastKnownFileType = sourcecode.swift; path = AppDelegate.swift; sourceTree = "<group>"; };
		0DAC78A92BF5A84B0001468A /* GameScene.swift */ = {isa = PBXFileReference; lastKnownFileType = sourcecode.swift; path = GameScene.swift; sourceTree = "<group>"; };
		0DAC78AB2BF5A84B0001468A /* GameViewController.swift */ = {isa = PBXFileReference; lastKnownFileType = sourcecode.swift; path = GameViewController.swift; sourceTree = "<group>"; };
		0DAC78AE2BF5A84B0001468A /* Base */ = {isa = PBXFileReference; lastKnownFileType = file.storyboard; name = Base; path = Base.lproj/Main.storyboard; sourceTree = "<group>"; };
		0DAC78B02BF5A84C0001468A /* Assets.xcassets */ = {isa = PBXFileReference; lastKnownFileType = folder.assetcatalog; path = Assets.xcassets; sourceTree = "<group>"; };
		0DAC78B32BF5A84C0001468A /* Base */ = {isa = PBXFileReference; lastKnownFileType = file.storyboard; name = Base; path = Base.lproj/LaunchScreen.storyboard; sourceTree = "<group>"; };
		0DAC78B92BF5A84C0001468A /* EgrangGoTests.xctest */ = {isa = PBXFileReference; explicitFileType = wrapper.cfbundle; includeInIndex = 0; path = EgrangGoTests.xctest; sourceTree = BUILT_PRODUCTS_DIR; };
		0DAC78BD2BF5A84C0001468A /* EgrangGoTests.swift */ = {isa = PBXFileReference; lastKnownFileType = sourcecode.swift; path = EgrangGoTests.swift; sourceTree = "<group>"; };
		0DAC78C32BF5A84C0001468A /* EgrangGoUITests.xctest */ = {isa = PBXFileReference; explicitFileType = wrapper.cfbundle; includeInIndex = 0; path = EgrangGoUITests.xctest; sourceTree = BUILT_PRODUCTS_DIR; };
		0DAC78C72BF5A84C0001468A /* EgrangGoUITests.swift */ = {isa = PBXFileReference; lastKnownFileType = sourcecode.swift; path = EgrangGoUITests.swift; sourceTree = "<group>"; };
		0DAC78C92BF5A84C0001468A /* EgrangGoUITestsLaunchTests.swift */ = {isa = PBXFileReference; lastKnownFileType = sourcecode.swift; path = EgrangGoUITestsLaunchTests.swift; sourceTree = "<group>"; };
		0DAC79102BF7BA170001468A /* LeafBlowParticle.sks */ = {isa = PBXFileReference; lastKnownFileType = file.sks; path = LeafBlowParticle.sks; sourceTree = "<group>"; };
		0DAC79122BF867960001468A /* Player.swift */ = {isa = PBXFileReference; lastKnownFileType = sourcecode.swift; path = Player.swift; sourceTree = "<group>"; };
		0DAC79162BF867EC0001468A /* Collision.swift */ = {isa = PBXFileReference; lastKnownFileType = sourcecode.swift; path = Collision.swift; sourceTree = "<group>"; };
		0DAC791A2BF88EC00001468A /* Stone.wav */ = {isa = PBXFileReference; lastKnownFileType = audio.wav; path = Stone.wav; sourceTree = "<group>"; };
		0DAC791B2BF88EC00001468A /* Water.wav */ = {isa = PBXFileReference; lastKnownFileType = audio.wav; path = Water.wav; sourceTree = "<group>"; };
		0DAC791C2BF88EC00001468A /* Step2.wav */ = {isa = PBXFileReference; lastKnownFileType = audio.wav; path = Step2.wav; sourceTree = "<group>"; };
		0DAC791D2BF88EC00001468A /* Mud2.wav */ = {isa = PBXFileReference; lastKnownFileType = audio.wav; path = Mud2.wav; sourceTree = "<group>"; };
		0DAC791E2BF88EC10001468A /* Wind.wav */ = {isa = PBXFileReference; lastKnownFileType = audio.wav; path = Wind.wav; sourceTree = "<group>"; };
		0DAC791F2BF88EC10001468A /* Mud1.wav */ = {isa = PBXFileReference; lastKnownFileType = audio.wav; path = Mud1.wav; sourceTree = "<group>"; };
		0DAC79202BF88EC10001468A /* Backsound.wav */ = {isa = PBXFileReference; lastKnownFileType = audio.wav; path = Backsound.wav; sourceTree = "<group>"; };
		0DAC79212BF88EC20001468A /* Step1.wav */ = {isa = PBXFileReference; lastKnownFileType = audio.wav; path = Step1.wav; sourceTree = "<group>"; };
		0DAC79222BF88EC20001468A /* Result.wav */ = {isa = PBXFileReference; lastKnownFileType = audio.wav; path = Result.wav; sourceTree = "<group>"; };
		0DAC79232BF88EC20001468A /* Tree.wav */ = {isa = PBXFileReference; lastKnownFileType = audio.wav; path = Tree.wav; sourceTree = "<group>"; };
		0DAC792E2BF88F110001468A /* ReourceHandler.swift */ = {isa = PBXFileReference; lastKnownFileType = sourcecode.swift; path = ReourceHandler.swift; sourceTree = "<group>"; };
		0DAC79322BFA56BF0001468A /* TLAnalogJoystick.swift */ = {isa = PBXFileReference; fileEncoding = 4; lastKnownFileType = sourcecode.swift; path = TLAnalogJoystick.swift; sourceTree = "<group>"; };
		0DAC79342BFAECAD0001468A /* Ground.swift */ = {isa = PBXFileReference; lastKnownFileType = sourcecode.swift; path = Ground.swift; sourceTree = "<group>"; };
		0DAC79382BFAFABA0001468A /* Stone.swift */ = {isa = PBXFileReference; lastKnownFileType = sourcecode.swift; path = Stone.swift; sourceTree = "<group>"; };
		0DAC793A2BFAFB0E0001468A /* Constant.swift */ = {isa = PBXFileReference; lastKnownFileType = sourcecode.swift; path = Constant.swift; sourceTree = "<group>"; };
		0DBD8F682BFC60C1006FE4B6 /* ResultView.swift */ = {isa = PBXFileReference; lastKnownFileType = sourcecode.swift; path = ResultView.swift; sourceTree = "<group>"; };
		0DBD8F6A2BFC7E0A006FE4B6 /* StartView.swift */ = {isa = PBXFileReference; lastKnownFileType = sourcecode.swift; path = StartView.swift; sourceTree = "<group>"; };
		0DBD8F6C2BFC826D006FE4B6 /* BackgroundView.swift */ = {isa = PBXFileReference; lastKnownFileType = sourcecode.swift; path = BackgroundView.swift; sourceTree = "<group>"; };
		0DBD8F702BFC9280006FE4B6 /* Protocol.swift */ = {isa = PBXFileReference; lastKnownFileType = sourcecode.swift; path = Protocol.swift; sourceTree = "<group>"; };
		0DBD8F722BFCDA87006FE4B6 /* AudioPlayer.swift */ = {isa = PBXFileReference; lastKnownFileType = sourcecode.swift; path = AudioPlayer.swift; sourceTree = "<group>"; };
		0DBD8F742BFCEC39006FE4B6 /* Fall.wav */ = {isa = PBXFileReference; lastKnownFileType = audio.wav; path = Fall.wav; sourceTree = "<group>"; };
		0DBD8F752BFCEC39006FE4B6 /* Countdown.wav */ = {isa = PBXFileReference; lastKnownFileType = audio.wav; path = Countdown.wav; sourceTree = "<group>"; };
		0DBD8F762BFCEC39006FE4B6 /* TimeUp.wav */ = {isa = PBXFileReference; lastKnownFileType = audio.wav; path = TimeUp.wav; sourceTree = "<group>"; };
		0DBD8F7B2BFDD862006FE4B6 /* GameViewModel.swift */ = {isa = PBXFileReference; lastKnownFileType = sourcecode.swift; path = GameViewModel.swift; sourceTree = "<group>"; };
		0DBD8F7E2BFDD8DF006FE4B6 /* Tree.swift */ = {isa = PBXFileReference; lastKnownFileType = sourcecode.swift; path = Tree.swift; sourceTree = "<group>"; };
/* End PBXFileReference section */

/* Begin PBXFrameworksBuildPhase section */
		0DAC789D2BF5A84B0001468A /* Frameworks */ = {
			isa = PBXFrameworksBuildPhase;
			buildActionMask = 2147483647;
			files = (
			);
			runOnlyForDeploymentPostprocessing = 0;
		};
		0DAC78B62BF5A84C0001468A /* Frameworks */ = {
			isa = PBXFrameworksBuildPhase;
			buildActionMask = 2147483647;
			files = (
			);
			runOnlyForDeploymentPostprocessing = 0;
		};
		0DAC78C02BF5A84C0001468A /* Frameworks */ = {
			isa = PBXFrameworksBuildPhase;
			buildActionMask = 2147483647;
			files = (
			);
			runOnlyForDeploymentPostprocessing = 0;
		};
/* End PBXFrameworksBuildPhase section */

/* Begin PBXGroup section */
		0D16F48E2BFFB1C500F62A5E /* video */ = {
			isa = PBXGroup;
			children = (
				0D16F48F2BFFB3AA00F62A5E /* TutorialWalking.mov */,
			);
			path = video;
			sourceTree = "<group>";
		};
		0D20F5CB2BFBE3DA0043B80A /* view */ = {
			isa = PBXGroup;
			children = (
				0D20F5CC2BFBE3F90043B80A /* GameView.swift */,
				0DBD8F682BFC60C1006FE4B6 /* ResultView.swift */,
				0DBD8F6A2BFC7E0A006FE4B6 /* StartView.swift */,
				0DBD8F6C2BFC826D006FE4B6 /* BackgroundView.swift */,
				0D5E8C222BFFA47A00E56955 /* HelpView.swift */,
				0D5E8C242BFFAC7C00E56955 /* HelpText.swift */,
			);
			path = view;
			sourceTree = "<group>";
		};
		0DAC78972BF5A84B0001468A = {
			isa = PBXGroup;
			children = (
				0DAC78A22BF5A84B0001468A /* EgrangGo */,
				0DAC78BC2BF5A84C0001468A /* EgrangGoTests */,
				0DAC78C62BF5A84C0001468A /* EgrangGoUITests */,
				0DAC78A12BF5A84B0001468A /* Products */,
			);
			sourceTree = "<group>";
		};
		0DAC78A12BF5A84B0001468A /* Products */ = {
			isa = PBXGroup;
			children = (
				0DAC78A02BF5A84B0001468A /* EgrangGo.app */,
				0DAC78B92BF5A84C0001468A /* EgrangGoTests.xctest */,
				0DAC78C32BF5A84C0001468A /* EgrangGoUITests.xctest */,
			);
			name = Products;
			sourceTree = "<group>";
		};
		0DAC78A22BF5A84B0001468A /* EgrangGo */ = {
			isa = PBXGroup;
			children = (
				0DAC79182BF88EA50001468A /* resource */,
				0DAC79152BF867DD0001468A /* util */,
				0DAC78A32BF5A84B0001468A /* AppDelegate.swift */,
				0DEFC6512C041D71008059BC /* swiftui */,
				0DEFC6502C041D24008059BC /* spritekit */,
				0DAC78AB2BF5A84B0001468A /* GameViewController.swift */,
				0DAC78AD2BF5A84B0001468A /* Main.storyboard */,
				0DAC78B02BF5A84C0001468A /* Assets.xcassets */,
				0DAC78B22BF5A84C0001468A /* LaunchScreen.storyboard */,
			);
			path = EgrangGo;
			sourceTree = "<group>";
		};
		0DAC78BC2BF5A84C0001468A /* EgrangGoTests */ = {
			isa = PBXGroup;
			children = (
				0DAC78BD2BF5A84C0001468A /* EgrangGoTests.swift */,
			);
			path = EgrangGoTests;
			sourceTree = "<group>";
		};
		0DAC78C62BF5A84C0001468A /* EgrangGoUITests */ = {
			isa = PBXGroup;
			children = (
				0DAC78C72BF5A84C0001468A /* EgrangGoUITests.swift */,
				0DAC78C92BF5A84C0001468A /* EgrangGoUITestsLaunchTests.swift */,
			);
			path = EgrangGoUITests;
			sourceTree = "<group>";
		};
		0DAC79142BF8679C0001468A /* entity */ = {
			isa = PBXGroup;
			children = (
				0DAC79102BF7BA170001468A /* LeafBlowParticle.sks */,
				0DAC79122BF867960001468A /* Player.swift */,
				0DAC79342BFAECAD0001468A /* Ground.swift */,
				0DAC79382BFAFABA0001468A /* Stone.swift */,
				0D20F5D02BFBE9B40043B80A /* Cat.swift */,
				0DBD8F7E2BFDD8DF006FE4B6 /* Tree.swift */,
				0D5E8C1E2BFF97D600E56955 /* InvisibleBarrier.swift */,
			);
			path = entity;
			sourceTree = "<group>";
		};
		0DAC79152BF867DD0001468A /* util */ = {
			isa = PBXGroup;
			children = (
				0DAC79162BF867EC0001468A /* Collision.swift */,
				0DAC793A2BFAFB0E0001468A /* Constant.swift */,
				0DBD8F702BFC9280006FE4B6 /* Protocol.swift */,
				0DBD8F722BFCDA87006FE4B6 /* AudioPlayer.swift */,
				0D16F4952C00355800F62A5E /* UserDefaultHandler.swift */,
			);
			path = util;
			sourceTree = "<group>";
		};
		0DAC79182BF88EA50001468A /* resource */ = {
			isa = PBXGroup;
			children = (
				0D16F48E2BFFB1C500F62A5E /* video */,
				0DAC79192BF88EB40001468A /* audio */,
				0DAC792E2BF88F110001468A /* ReourceHandler.swift */,
			);
			path = resource;
			sourceTree = "<group>";
		};
		0DAC79192BF88EB40001468A /* audio */ = {
			isa = PBXGroup;
			children = (
				0DBD8F752BFCEC39006FE4B6 /* Countdown.wav */,
				0DBD8F742BFCEC39006FE4B6 /* Fall.wav */,
				0DBD8F762BFCEC39006FE4B6 /* TimeUp.wav */,
				0DAC79202BF88EC10001468A /* Backsound.wav */,
				0DAC791F2BF88EC10001468A /* Mud1.wav */,
				0DAC791D2BF88EC00001468A /* Mud2.wav */,
				0DAC79222BF88EC20001468A /* Result.wav */,
				0DAC79212BF88EC20001468A /* Step1.wav */,
				0DAC791C2BF88EC00001468A /* Step2.wav */,
				0DAC791A2BF88EC00001468A /* Stone.wav */,
				0DAC79232BF88EC20001468A /* Tree.wav */,
				0DAC791B2BF88EC00001468A /* Water.wav */,
				0DAC791E2BF88EC10001468A /* Wind.wav */,
			);
			path = audio;
			sourceTree = "<group>";
		};
		0DBD8F7A2BFDD852006FE4B6 /* viewmodel */ = {
			isa = PBXGroup;
			children = (
				0DBD8F7B2BFDD862006FE4B6 /* GameViewModel.swift */,
				0D16F4932C002A2A00F62A5E /* StartViewModel.swift */,
			);
			path = viewmodel;
			sourceTree = "<group>";
		};
		0DEFC64E2C041C96008059BC /* System */ = {
			isa = PBXGroup;
			children = (
				0D20F5CE2BFBE5960043B80A /* GameScene.sks */,
				0DAC78A92BF5A84B0001468A /* GameScene.swift */,
			);
			path = System;
			sourceTree = "<group>";
		};
		0DEFC64F2C041D0E008059BC /* component */ = {
			isa = PBXGroup;
			children = (
				0DAC79322BFA56BF0001468A /* TLAnalogJoystick.swift */,
			);
			path = component;
			sourceTree = "<group>";
		};
		0DEFC6502C041D24008059BC /* spritekit */ = {
			isa = PBXGroup;
			children = (
				0DEFC64F2C041D0E008059BC /* component */,
				0DEFC64E2C041C96008059BC /* System */,
				0DAC79142BF8679C0001468A /* entity */,
			);
			path = spritekit;
			sourceTree = "<group>";
		};
		0DEFC6512C041D71008059BC /* swiftui */ = {
			isa = PBXGroup;
			children = (
				0DBD8F7A2BFDD852006FE4B6 /* viewmodel */,
				0D20F5CB2BFBE3DA0043B80A /* view */,
			);
			path = swiftui;
			sourceTree = "<group>";
		};
/* End PBXGroup section */

/* Begin PBXNativeTarget section */
		0DAC789F2BF5A84B0001468A /* EgrangGo */ = {
			isa = PBXNativeTarget;
			buildConfigurationList = 0DAC78CD2BF5A84C0001468A /* Build configuration list for PBXNativeTarget "EgrangGo" */;
			buildPhases = (
				0DAC789C2BF5A84B0001468A /* Sources */,
				0DAC789D2BF5A84B0001468A /* Frameworks */,
				0DAC789E2BF5A84B0001468A /* Resources */,
			);
			buildRules = (
			);
			dependencies = (
			);
			name = EgrangGo;
			productName = EgrangGo;
			productReference = 0DAC78A02BF5A84B0001468A /* EgrangGo.app */;
			productType = "com.apple.product-type.application";
		};
		0DAC78B82BF5A84C0001468A /* EgrangGoTests */ = {
			isa = PBXNativeTarget;
			buildConfigurationList = 0DAC78D02BF5A84C0001468A /* Build configuration list for PBXNativeTarget "EgrangGoTests" */;
			buildPhases = (
				0DAC78B52BF5A84C0001468A /* Sources */,
				0DAC78B62BF5A84C0001468A /* Frameworks */,
				0DAC78B72BF5A84C0001468A /* Resources */,
			);
			buildRules = (
			);
			dependencies = (
				0DAC78BB2BF5A84C0001468A /* PBXTargetDependency */,
			);
			name = EgrangGoTests;
			productName = EgrangGoTests;
			productReference = 0DAC78B92BF5A84C0001468A /* EgrangGoTests.xctest */;
			productType = "com.apple.product-type.bundle.unit-test";
		};
		0DAC78C22BF5A84C0001468A /* EgrangGoUITests */ = {
			isa = PBXNativeTarget;
			buildConfigurationList = 0DAC78D32BF5A84C0001468A /* Build configuration list for PBXNativeTarget "EgrangGoUITests" */;
			buildPhases = (
				0DAC78BF2BF5A84C0001468A /* Sources */,
				0DAC78C02BF5A84C0001468A /* Frameworks */,
				0DAC78C12BF5A84C0001468A /* Resources */,
			);
			buildRules = (
			);
			dependencies = (
				0DAC78C52BF5A84C0001468A /* PBXTargetDependency */,
			);
			name = EgrangGoUITests;
			productName = EgrangGoUITests;
			productReference = 0DAC78C32BF5A84C0001468A /* EgrangGoUITests.xctest */;
			productType = "com.apple.product-type.bundle.ui-testing";
		};
/* End PBXNativeTarget section */

/* Begin PBXProject section */
		0DAC78982BF5A84B0001468A /* Project object */ = {
			isa = PBXProject;
			attributes = {
				BuildIndependentTargetsInParallel = 1;
				LastSwiftUpdateCheck = 1520;
				LastUpgradeCheck = 1520;
				TargetAttributes = {
					0DAC789F2BF5A84B0001468A = {
						CreatedOnToolsVersion = 15.2;
					};
					0DAC78B82BF5A84C0001468A = {
						CreatedOnToolsVersion = 15.2;
						TestTargetID = 0DAC789F2BF5A84B0001468A;
					};
					0DAC78C22BF5A84C0001468A = {
						CreatedOnToolsVersion = 15.2;
						TestTargetID = 0DAC789F2BF5A84B0001468A;
					};
				};
			};
			buildConfigurationList = 0DAC789B2BF5A84B0001468A /* Build configuration list for PBXProject "EgrangGo" */;
			compatibilityVersion = "Xcode 14.0";
			developmentRegion = en;
			hasScannedForEncodings = 0;
			knownRegions = (
				en,
				Base,
			);
			mainGroup = 0DAC78972BF5A84B0001468A;
			productRefGroup = 0DAC78A12BF5A84B0001468A /* Products */;
			projectDirPath = "";
			projectRoot = "";
			targets = (
				0DAC789F2BF5A84B0001468A /* EgrangGo */,
				0DAC78B82BF5A84C0001468A /* EgrangGoTests */,
				0DAC78C22BF5A84C0001468A /* EgrangGoUITests */,
			);
		};
/* End PBXProject section */

/* Begin PBXResourcesBuildPhase section */
		0DAC789E2BF5A84B0001468A /* Resources */ = {
			isa = PBXResourcesBuildPhase;
			buildActionMask = 2147483647;
			files = (
				0DAC79252BF88EC20001468A /* Water.wav in Resources */,
				0D20F5CF2BFBE5960043B80A /* GameScene.sks in Resources */,
				0DAC792D2BF88EC20001468A /* Tree.wav in Resources */,
				0DBD8F772BFCEC39006FE4B6 /* Fall.wav in Resources */,
				0DAC78AF2BF5A84B0001468A /* Main.storyboard in Resources */,
				0DAC792B2BF88EC20001468A /* Step1.wav in Resources */,
				0DAC79262BF88EC20001468A /* Step2.wav in Resources */,
				0DAC79292BF88EC20001468A /* Mud1.wav in Resources */,
				0DBD8F792BFCEC39006FE4B6 /* TimeUp.wav in Resources */,
				0DBD8F782BFCEC39006FE4B6 /* Countdown.wav in Resources */,
				0DAC79272BF88EC20001468A /* Mud2.wav in Resources */,
				0D16F4902BFFB3AA00F62A5E /* TutorialWalking.mov in Resources */,
				0DAC792C2BF88EC20001468A /* Result.wav in Resources */,
				0DAC79242BF88EC20001468A /* Stone.wav in Resources */,
				0DAC79282BF88EC20001468A /* Wind.wav in Resources */,
				0DAC78B12BF5A84C0001468A /* Assets.xcassets in Resources */,
				0DAC78B42BF5A84C0001468A /* LaunchScreen.storyboard in Resources */,
				0DAC79112BF7BA170001468A /* LeafBlowParticle.sks in Resources */,
				0DAC792A2BF88EC20001468A /* Backsound.wav in Resources */,
			);
			runOnlyForDeploymentPostprocessing = 0;
		};
		0DAC78B72BF5A84C0001468A /* Resources */ = {
			isa = PBXResourcesBuildPhase;
			buildActionMask = 2147483647;
			files = (
			);
			runOnlyForDeploymentPostprocessing = 0;
		};
		0DAC78C12BF5A84C0001468A /* Resources */ = {
			isa = PBXResourcesBuildPhase;
			buildActionMask = 2147483647;
			files = (
			);
			runOnlyForDeploymentPostprocessing = 0;
		};
/* End PBXResourcesBuildPhase section */

/* Begin PBXSourcesBuildPhase section */
		0DAC789C2BF5A84B0001468A /* Sources */ = {
			isa = PBXSourcesBuildPhase;
			buildActionMask = 2147483647;
			files = (
				0DBD8F7C2BFDD862006FE4B6 /* GameViewModel.swift in Sources */,
				0DAC79172BF867EC0001468A /* Collision.swift in Sources */,
				0DAC79132BF867960001468A /* Player.swift in Sources */,
				0DAC78AA2BF5A84B0001468A /* GameScene.swift in Sources */,
				0DAC78AC2BF5A84B0001468A /* GameViewController.swift in Sources */,
				0DBD8F692BFC60C1006FE4B6 /* ResultView.swift in Sources */,
				0DBD8F6B2BFC7E0A006FE4B6 /* StartView.swift in Sources */,
				0DAC79392BFAFABA0001468A /* Stone.swift in Sources */,
				0D16F4942C002A2A00F62A5E /* StartViewModel.swift in Sources */,
				0D20F5D12BFBE9B40043B80A /* Cat.swift in Sources */,
				0D5E8C1F2BFF97D600E56955 /* InvisibleBarrier.swift in Sources */,
				0D5E8C232BFFA47A00E56955 /* HelpView.swift in Sources */,
				0DAC79332BFA56BF0001468A /* TLAnalogJoystick.swift in Sources */,
				0DBD8F7F2BFDD8DF006FE4B6 /* Tree.swift in Sources */,
				0D5E8C252BFFAC7C00E56955 /* HelpText.swift in Sources */,
				0DBD8F6D2BFC826D006FE4B6 /* BackgroundView.swift in Sources */,
				0DBD8F732BFCDA87006FE4B6 /* AudioPlayer.swift in Sources */,
				0DAC792F2BF88F110001468A /* ReourceHandler.swift in Sources */,
				0DAC793B2BFAFB0E0001468A /* Constant.swift in Sources */,
				0DAC79352BFAECAD0001468A /* Ground.swift in Sources */,
				0DBD8F712BFC9280006FE4B6 /* Protocol.swift in Sources */,
				0D16F4962C00355800F62A5E /* UserDefaultHandler.swift in Sources */,
				0D20F5CD2BFBE3F90043B80A /* GameView.swift in Sources */,
				0DAC78A42BF5A84B0001468A /* AppDelegate.swift in Sources */,
			);
			runOnlyForDeploymentPostprocessing = 0;
		};
		0DAC78B52BF5A84C0001468A /* Sources */ = {
			isa = PBXSourcesBuildPhase;
			buildActionMask = 2147483647;
			files = (
				0DAC78BE2BF5A84C0001468A /* EgrangGoTests.swift in Sources */,
			);
			runOnlyForDeploymentPostprocessing = 0;
		};
		0DAC78BF2BF5A84C0001468A /* Sources */ = {
			isa = PBXSourcesBuildPhase;
			buildActionMask = 2147483647;
			files = (
				0DAC78CA2BF5A84C0001468A /* EgrangGoUITestsLaunchTests.swift in Sources */,
				0DAC78C82BF5A84C0001468A /* EgrangGoUITests.swift in Sources */,
			);
			runOnlyForDeploymentPostprocessing = 0;
		};
/* End PBXSourcesBuildPhase section */

/* Begin PBXTargetDependency section */
		0DAC78BB2BF5A84C0001468A /* PBXTargetDependency */ = {
			isa = PBXTargetDependency;
			target = 0DAC789F2BF5A84B0001468A /* EgrangGo */;
			targetProxy = 0DAC78BA2BF5A84C0001468A /* PBXContainerItemProxy */;
		};
		0DAC78C52BF5A84C0001468A /* PBXTargetDependency */ = {
			isa = PBXTargetDependency;
			target = 0DAC789F2BF5A84B0001468A /* EgrangGo */;
			targetProxy = 0DAC78C42BF5A84C0001468A /* PBXContainerItemProxy */;
		};
/* End PBXTargetDependency section */

/* Begin PBXVariantGroup section */
		0DAC78AD2BF5A84B0001468A /* Main.storyboard */ = {
			isa = PBXVariantGroup;
			children = (
				0DAC78AE2BF5A84B0001468A /* Base */,
			);
			name = Main.storyboard;
			sourceTree = "<group>";
		};
		0DAC78B22BF5A84C0001468A /* LaunchScreen.storyboard */ = {
			isa = PBXVariantGroup;
			children = (
				0DAC78B32BF5A84C0001468A /* Base */,
			);
			name = LaunchScreen.storyboard;
			sourceTree = "<group>";
		};
/* End PBXVariantGroup section */

/* Begin XCBuildConfiguration section */
		0DAC78CB2BF5A84C0001468A /* Debug */ = {
			isa = XCBuildConfiguration;
			buildSettings = {
				ALWAYS_SEARCH_USER_PATHS = NO;
				ASSETCATALOG_COMPILER_GENERATE_SWIFT_ASSET_SYMBOL_EXTENSIONS = YES;
				CLANG_ANALYZER_NONNULL = YES;
				CLANG_ANALYZER_NUMBER_OBJECT_CONVERSION = YES_AGGRESSIVE;
				CLANG_CXX_LANGUAGE_STANDARD = "gnu++20";
				CLANG_ENABLE_MODULES = YES;
				CLANG_ENABLE_OBJC_ARC = YES;
				CLANG_ENABLE_OBJC_WEAK = YES;
				CLANG_WARN_BLOCK_CAPTURE_AUTORELEASING = YES;
				CLANG_WARN_BOOL_CONVERSION = YES;
				CLANG_WARN_COMMA = YES;
				CLANG_WARN_CONSTANT_CONVERSION = YES;
				CLANG_WARN_DEPRECATED_OBJC_IMPLEMENTATIONS = YES;
				CLANG_WARN_DIRECT_OBJC_ISA_USAGE = YES_ERROR;
				CLANG_WARN_DOCUMENTATION_COMMENTS = YES;
				CLANG_WARN_EMPTY_BODY = YES;
				CLANG_WARN_ENUM_CONVERSION = YES;
				CLANG_WARN_INFINITE_RECURSION = YES;
				CLANG_WARN_INT_CONVERSION = YES;
				CLANG_WARN_NON_LITERAL_NULL_CONVERSION = YES;
				CLANG_WARN_OBJC_IMPLICIT_RETAIN_SELF = YES;
				CLANG_WARN_OBJC_LITERAL_CONVERSION = YES;
				CLANG_WARN_OBJC_ROOT_CLASS = YES_ERROR;
				CLANG_WARN_QUOTED_INCLUDE_IN_FRAMEWORK_HEADER = YES;
				CLANG_WARN_RANGE_LOOP_ANALYSIS = YES;
				CLANG_WARN_STRICT_PROTOTYPES = YES;
				CLANG_WARN_SUSPICIOUS_MOVE = YES;
				CLANG_WARN_UNGUARDED_AVAILABILITY = YES_AGGRESSIVE;
				CLANG_WARN_UNREACHABLE_CODE = YES;
				CLANG_WARN__DUPLICATE_METHOD_MATCH = YES;
				COPY_PHASE_STRIP = NO;
				DEBUG_INFORMATION_FORMAT = dwarf;
				ENABLE_STRICT_OBJC_MSGSEND = YES;
				ENABLE_TESTABILITY = YES;
				ENABLE_USER_SCRIPT_SANDBOXING = YES;
				GCC_C_LANGUAGE_STANDARD = gnu17;
				GCC_DYNAMIC_NO_PIC = NO;
				GCC_NO_COMMON_BLOCKS = YES;
				GCC_OPTIMIZATION_LEVEL = 0;
				GCC_PREPROCESSOR_DEFINITIONS = (
					"DEBUG=1",
					"$(inherited)",
				);
				GCC_WARN_64_TO_32_BIT_CONVERSION = YES;
				GCC_WARN_ABOUT_RETURN_TYPE = YES_ERROR;
				GCC_WARN_UNDECLARED_SELECTOR = YES;
				GCC_WARN_UNINITIALIZED_AUTOS = YES_AGGRESSIVE;
				GCC_WARN_UNUSED_FUNCTION = YES;
				GCC_WARN_UNUSED_VARIABLE = YES;
				IPHONEOS_DEPLOYMENT_TARGET = 17.2;
				LOCALIZATION_PREFERS_STRING_CATALOGS = YES;
				MTL_ENABLE_DEBUG_INFO = INCLUDE_SOURCE;
				MTL_FAST_MATH = YES;
				ONLY_ACTIVE_ARCH = YES;
				SDKROOT = iphoneos;
				SWIFT_ACTIVE_COMPILATION_CONDITIONS = "DEBUG $(inherited)";
				SWIFT_OPTIMIZATION_LEVEL = "-Onone";
			};
			name = Debug;
		};
		0DAC78CC2BF5A84C0001468A /* Release */ = {
			isa = XCBuildConfiguration;
			buildSettings = {
				ALWAYS_SEARCH_USER_PATHS = NO;
				ASSETCATALOG_COMPILER_GENERATE_SWIFT_ASSET_SYMBOL_EXTENSIONS = YES;
				CLANG_ANALYZER_NONNULL = YES;
				CLANG_ANALYZER_NUMBER_OBJECT_CONVERSION = YES_AGGRESSIVE;
				CLANG_CXX_LANGUAGE_STANDARD = "gnu++20";
				CLANG_ENABLE_MODULES = YES;
				CLANG_ENABLE_OBJC_ARC = YES;
				CLANG_ENABLE_OBJC_WEAK = YES;
				CLANG_WARN_BLOCK_CAPTURE_AUTORELEASING = YES;
				CLANG_WARN_BOOL_CONVERSION = YES;
				CLANG_WARN_COMMA = YES;
				CLANG_WARN_CONSTANT_CONVERSION = YES;
				CLANG_WARN_DEPRECATED_OBJC_IMPLEMENTATIONS = YES;
				CLANG_WARN_DIRECT_OBJC_ISA_USAGE = YES_ERROR;
				CLANG_WARN_DOCUMENTATION_COMMENTS = YES;
				CLANG_WARN_EMPTY_BODY = YES;
				CLANG_WARN_ENUM_CONVERSION = YES;
				CLANG_WARN_INFINITE_RECURSION = YES;
				CLANG_WARN_INT_CONVERSION = YES;
				CLANG_WARN_NON_LITERAL_NULL_CONVERSION = YES;
				CLANG_WARN_OBJC_IMPLICIT_RETAIN_SELF = YES;
				CLANG_WARN_OBJC_LITERAL_CONVERSION = YES;
				CLANG_WARN_OBJC_ROOT_CLASS = YES_ERROR;
				CLANG_WARN_QUOTED_INCLUDE_IN_FRAMEWORK_HEADER = YES;
				CLANG_WARN_RANGE_LOOP_ANALYSIS = YES;
				CLANG_WARN_STRICT_PROTOTYPES = YES;
				CLANG_WARN_SUSPICIOUS_MOVE = YES;
				CLANG_WARN_UNGUARDED_AVAILABILITY = YES_AGGRESSIVE;
				CLANG_WARN_UNREACHABLE_CODE = YES;
				CLANG_WARN__DUPLICATE_METHOD_MATCH = YES;
				COPY_PHASE_STRIP = NO;
				DEBUG_INFORMATION_FORMAT = "dwarf-with-dsym";
				ENABLE_NS_ASSERTIONS = NO;
				ENABLE_STRICT_OBJC_MSGSEND = YES;
				ENABLE_USER_SCRIPT_SANDBOXING = YES;
				GCC_C_LANGUAGE_STANDARD = gnu17;
				GCC_NO_COMMON_BLOCKS = YES;
				GCC_WARN_64_TO_32_BIT_CONVERSION = YES;
				GCC_WARN_ABOUT_RETURN_TYPE = YES_ERROR;
				GCC_WARN_UNDECLARED_SELECTOR = YES;
				GCC_WARN_UNINITIALIZED_AUTOS = YES_AGGRESSIVE;
				GCC_WARN_UNUSED_FUNCTION = YES;
				GCC_WARN_UNUSED_VARIABLE = YES;
				IPHONEOS_DEPLOYMENT_TARGET = 17.2;
				LOCALIZATION_PREFERS_STRING_CATALOGS = YES;
				MTL_ENABLE_DEBUG_INFO = NO;
				MTL_FAST_MATH = YES;
				SDKROOT = iphoneos;
				SWIFT_COMPILATION_MODE = wholemodule;
				VALIDATE_PRODUCT = YES;
			};
			name = Release;
		};
		0DAC78CE2BF5A84C0001468A /* Debug */ = {
			isa = XCBuildConfiguration;
			buildSettings = {
				ASSETCATALOG_COMPILER_APPICON_NAME = AppIcon;
				ASSETCATALOG_COMPILER_GLOBAL_ACCENT_COLOR_NAME = AccentColor;
				CODE_SIGN_STYLE = Automatic;
				CURRENT_PROJECT_VERSION = 1;
				DEVELOPMENT_TEAM = PS54KA4A89;
				GENERATE_INFOPLIST_FILE = YES;
				INFOPLIST_KEY_UIApplicationSupportsIndirectInputEvents = YES;
				INFOPLIST_KEY_UILaunchStoryboardName = LaunchScreen;
				INFOPLIST_KEY_UIMainStoryboardFile = Main;
				INFOPLIST_KEY_UIStatusBarHidden = YES;
				INFOPLIST_KEY_UISupportedInterfaceOrientations = "UIInterfaceOrientationLandscapeLeft UIInterfaceOrientationLandscapeRight";
				INFOPLIST_KEY_UISupportedInterfaceOrientations_iPad = "UIInterfaceOrientationLandscapeLeft UIInterfaceOrientationLandscapeRight UIInterfaceOrientationPortrait UIInterfaceOrientationPortraitUpsideDown";
				LD_RUNPATH_SEARCH_PATHS = (
					"$(inherited)",
					"@executable_path/Frameworks",
				);
				MARKETING_VERSION = 1.0;
				PRODUCT_BUNDLE_IDENTIFIER = juangauthama.EgrangGo;
				PRODUCT_NAME = "$(TARGET_NAME)";
				SUPPORTED_PLATFORMS = "iphoneos iphonesimulator";
				SUPPORTS_MACCATALYST = NO;
				SUPPORTS_MAC_DESIGNED_FOR_IPHONE_IPAD = NO;
				SUPPORTS_XR_DESIGNED_FOR_IPHONE_IPAD = NO;
				SWIFT_EMIT_LOC_STRINGS = YES;
				SWIFT_VERSION = 5.0;
				TARGETED_DEVICE_FAMILY = 2;
			};
			name = Debug;
		};
		0DAC78CF2BF5A84C0001468A /* Release */ = {
			isa = XCBuildConfiguration;
			buildSettings = {
				ASSETCATALOG_COMPILER_APPICON_NAME = AppIcon;
				ASSETCATALOG_COMPILER_GLOBAL_ACCENT_COLOR_NAME = AccentColor;
				CODE_SIGN_STYLE = Automatic;
				CURRENT_PROJECT_VERSION = 1;
				DEVELOPMENT_TEAM = PS54KA4A89;
				GENERATE_INFOPLIST_FILE = YES;
				INFOPLIST_KEY_UIApplicationSupportsIndirectInputEvents = YES;
				INFOPLIST_KEY_UILaunchStoryboardName = LaunchScreen;
				INFOPLIST_KEY_UIMainStoryboardFile = Main;
				INFOPLIST_KEY_UIStatusBarHidden = YES;
				INFOPLIST_KEY_UISupportedInterfaceOrientations = "UIInterfaceOrientationLandscapeLeft UIInterfaceOrientationLandscapeRight";
				INFOPLIST_KEY_UISupportedInterfaceOrientations_iPad = "UIInterfaceOrientationLandscapeLeft UIInterfaceOrientationLandscapeRight UIInterfaceOrientationPortrait UIInterfaceOrientationPortraitUpsideDown";
				LD_RUNPATH_SEARCH_PATHS = (
					"$(inherited)",
					"@executable_path/Frameworks",
				);
				MARKETING_VERSION = 1.0;
				PRODUCT_BUNDLE_IDENTIFIER = juangauthama.EgrangGo;
				PRODUCT_NAME = "$(TARGET_NAME)";
				SUPPORTED_PLATFORMS = "iphoneos iphonesimulator";
				SUPPORTS_MACCATALYST = NO;
				SUPPORTS_MAC_DESIGNED_FOR_IPHONE_IPAD = NO;
				SUPPORTS_XR_DESIGNED_FOR_IPHONE_IPAD = NO;
				SWIFT_EMIT_LOC_STRINGS = YES;
				SWIFT_VERSION = 5.0;
				TARGETED_DEVICE_FAMILY = 2;
			};
			name = Release;
		};
		0DAC78D12BF5A84C0001468A /* Debug */ = {
			isa = XCBuildConfiguration;
			buildSettings = {
				ALWAYS_EMBED_SWIFT_STANDARD_LIBRARIES = YES;
				BUNDLE_LOADER = "$(TEST_HOST)";
				CODE_SIGN_STYLE = Automatic;
				CURRENT_PROJECT_VERSION = 1;
				DEVELOPMENT_TEAM = PS54KA4A89;
				GENERATE_INFOPLIST_FILE = YES;
				IPHONEOS_DEPLOYMENT_TARGET = 17.2;
				MARKETING_VERSION = 1.0;
				PRODUCT_BUNDLE_IDENTIFIER = juangauthama.EgrangGoTests;
				PRODUCT_NAME = "$(TARGET_NAME)";
				SWIFT_EMIT_LOC_STRINGS = NO;
				SWIFT_VERSION = 5.0;
				TARGETED_DEVICE_FAMILY = "1,2";
				TEST_HOST = "$(BUILT_PRODUCTS_DIR)/EgrangGo.app/$(BUNDLE_EXECUTABLE_FOLDER_PATH)/EgrangGo";
			};
			name = Debug;
		};
		0DAC78D22BF5A84C0001468A /* Release */ = {
			isa = XCBuildConfiguration;
			buildSettings = {
				ALWAYS_EMBED_SWIFT_STANDARD_LIBRARIES = YES;
				BUNDLE_LOADER = "$(TEST_HOST)";
				CODE_SIGN_STYLE = Automatic;
				CURRENT_PROJECT_VERSION = 1;
				DEVELOPMENT_TEAM = PS54KA4A89;
				GENERATE_INFOPLIST_FILE = YES;
				IPHONEOS_DEPLOYMENT_TARGET = 17.2;
				MARKETING_VERSION = 1.0;
				PRODUCT_BUNDLE_IDENTIFIER = juangauthama.EgrangGoTests;
				PRODUCT_NAME = "$(TARGET_NAME)";
				SWIFT_EMIT_LOC_STRINGS = NO;
				SWIFT_VERSION = 5.0;
				TARGETED_DEVICE_FAMILY = "1,2";
				TEST_HOST = "$(BUILT_PRODUCTS_DIR)/EgrangGo.app/$(BUNDLE_EXECUTABLE_FOLDER_PATH)/EgrangGo";
			};
			name = Release;
		};
		0DAC78D42BF5A84C0001468A /* Debug */ = {
			isa = XCBuildConfiguration;
			buildSettings = {
				ALWAYS_EMBED_SWIFT_STANDARD_LIBRARIES = YES;
				CODE_SIGN_STYLE = Automatic;
				CURRENT_PROJECT_VERSION = 1;
				DEVELOPMENT_TEAM = PS54KA4A89;
				GENERATE_INFOPLIST_FILE = YES;
				MARKETING_VERSION = 1.0;
				PRODUCT_BUNDLE_IDENTIFIER = juangauthama.EgrangGoUITests;
				PRODUCT_NAME = "$(TARGET_NAME)";
				SWIFT_EMIT_LOC_STRINGS = NO;
				SWIFT_VERSION = 5.0;
				TARGETED_DEVICE_FAMILY = "1,2";
				TEST_TARGET_NAME = EgrangGo;
			};
			name = Debug;
		};
		0DAC78D52BF5A84C0001468A /* Release */ = {
			isa = XCBuildConfiguration;
			buildSettings = {
				ALWAYS_EMBED_SWIFT_STANDARD_LIBRARIES = YES;
				CODE_SIGN_STYLE = Automatic;
				CURRENT_PROJECT_VERSION = 1;
				DEVELOPMENT_TEAM = PS54KA4A89;
				GENERATE_INFOPLIST_FILE = YES;
				MARKETING_VERSION = 1.0;
				PRODUCT_BUNDLE_IDENTIFIER = juangauthama.EgrangGoUITests;
				PRODUCT_NAME = "$(TARGET_NAME)";
				SWIFT_EMIT_LOC_STRINGS = NO;
				SWIFT_VERSION = 5.0;
				TARGETED_DEVICE_FAMILY = "1,2";
				TEST_TARGET_NAME = EgrangGo;
			};
			name = Release;
		};
/* End XCBuildConfiguration section */

/* Begin XCConfigurationList section */
		0DAC789B2BF5A84B0001468A /* Build configuration list for PBXProject "EgrangGo" */ = {
			isa = XCConfigurationList;
			buildConfigurations = (
				0DAC78CB2BF5A84C0001468A /* Debug */,
				0DAC78CC2BF5A84C0001468A /* Release */,
			);
			defaultConfigurationIsVisible = 0;
			defaultConfigurationName = Release;
		};
		0DAC78CD2BF5A84C0001468A /* Build configuration list for PBXNativeTarget "EgrangGo" */ = {
			isa = XCConfigurationList;
			buildConfigurations = (
				0DAC78CE2BF5A84C0001468A /* Debug */,
				0DAC78CF2BF5A84C0001468A /* Release */,
			);
			defaultConfigurationIsVisible = 0;
			defaultConfigurationName = Release;
		};
		0DAC78D02BF5A84C0001468A /* Build configuration list for PBXNativeTarget "EgrangGoTests" */ = {
			isa = XCConfigurationList;
			buildConfigurations = (
				0DAC78D12BF5A84C0001468A /* Debug */,
				0DAC78D22BF5A84C0001468A /* Release */,
			);
			defaultConfigurationIsVisible = 0;
			defaultConfigurationName = Release;
		};
		0DAC78D32BF5A84C0001468A /* Build configuration list for PBXNativeTarget "EgrangGoUITests" */ = {
			isa = XCConfigurationList;
			buildConfigurations = (
				0DAC78D42BF5A84C0001468A /* Debug */,
				0DAC78D52BF5A84C0001468A /* Release */,
			);
			defaultConfigurationIsVisible = 0;
			defaultConfigurationName = Release;
		};
/* End XCConfigurationList section */
	};
	rootObject = 0DAC78982BF5A84B0001468A /* Project object */;
}
